{
  "name": "cascades-sdk",
  "lockfileVersion": 3,
  "requires": true,
  "packages": {
    "": {
      "name": "cascades-sdk",
      "workspaces": [
        "packages/cascades-sdk"
      ]
    },
    "node_modules/@cascades-work/cascades-sdk": {
      "resolved": "packages/cascades-sdk",
      "link": true
    },
    "packages/cascades-sdk": {
      "name": "@cascades-work/cascades-sdk",
      "version": "1.0.1",
      "license": "SEE LICENSE IN LICENSE"
    }
  }
}
